
Microsoft Visual Studio Solution File, Format Version 12.00
# Visual Studio Version 16
VisualStudioVersion = 16.0.29519.181
MinimumVisualStudioVersion = 10.0.40219.1
Project("{FAE04EC0-301F-11D3-BF4B-00C04F79EFBC}") = "mvc-example", "mvc-example\mvc-example.csproj", "{30F8FFA0-EEFB-448D-B680-798956E27E91}"
EndProject
Global
	GlobalSection(SolutionConfigurationPlatforms) = preSolution
		Debug|Any CPU = Debug|Any CPU
		Release|Any CPU = Release|Any CPU
	EndGlobalSection
	GlobalSection(ProjectConfigurationPlatforms) = postSolution
		{30F8FFA0-EEFB-448D-B680-798956E27E91}.Debug|Any CPU.ActiveCfg = Debug|Any CPU
		{30F8FFA0-EEFB-448D-B680-798956E27E91}.Debug|Any CPU.Build.0 = Debug|Any CPU
		{30F8FFA0-EEFB-448D-B680-798956E27E91}.Release|Any CPU.ActiveCfg = Release|Any CPU
		{30F8FFA0-EEFB-448D-B680-798956E27E91}.Release|Any CPU.Build.0 = Release|Any CPU
	EndGlobalSection
	GlobalSection(SolutionProperties) = preSolution
		HideSolutionNode = FALSE
	EndGlobalSection
	GlobalSection(ExtensibilityGlobals) = postSolution
		SolutionGuid = {EC21754E-94DB-4DAD-9998-D3F5B78EDF7F}
	EndGlobalSection
EndGlobal
